
Microsoft Visual Studio Solution File, Format Version 12.00
# Visual Studio Version 16
VisualStudioVersion = 16.0.32802.440
MinimumVisualStudioVersion = 10.0.40219.1
Project("{FAE04EC0-301F-11D3-BF4B-00C04F79EFBC}") = "Smile", "Smile\Smile.csproj", "{7FA03FCB-B402-476D-AD70-50A3C3D67A02}"
EndProject
Global
	GlobalSection(SolutionConfigurationPlatforms) = preSolution
		Debug|Any CPU = Debug|Any CPU
		Release|Any CPU = Release|Any CPU
	EndGlobalSection
	GlobalSection(ProjectConfigurationPlatforms) = postSolution
		{7FA03FCB-B402-476D-AD70-50A3C3D67A02}.Debug|Any CPU.ActiveCfg = Debug|Any CPU
		{7FA03FCB-B402-476D-AD70-50A3C3D67A02}.Debug|Any CPU.Build.0 = Debug|Any CPU
		{7FA03FCB-B402-476D-AD70-50A3C3D67A02}.Release|Any CPU.ActiveCfg = Release|Any CPU
		{7FA03FCB-B402-476D-AD70-50A3C3D67A02}.Release|Any CPU.Build.0 = Release|Any CPU
	EndGlobalSection
	GlobalSection(SolutionProperties) = preSolution
		HideSolutionNode = FALSE
	EndGlobalSection
	GlobalSection(ExtensibilityGlobals) = postSolution
		SolutionGuid = {6935483F-92CF-4D63-95A9-56FA27954E43}
	EndGlobalSection
EndGlobal
